// !$*UTF8*$!
{
	archiveVersion = 1;
	classes = {
	};
	objectVersion = 46;
	objects = {

/* Begin PBXBuildFile section */
		80B64A9D1E4A312B00E483A9 /* AudioToolbox.framework in Frameworks */ = {isa = PBXBuildFile; fileRef = 80B64A9C1E4A312B00E483A9 /* AudioToolbox.framework */; };
		80B64AA11E4A3CE700E483A9 /* sheep_cry.mp3 in Resources */ = {isa = PBXBuildFile; fileRef = 80B64AA01E4A3CE700E483A9 /* sheep_cry.mp3 */; };
		80F3B0321E419A3200FA6840 /* AppDelegate.swift in Sources */ = {isa = PBXBuildFile; fileRef = 80F3B0311E419A3200FA6840 /* AppDelegate.swift */; };
		80F3B0341E419A3200FA6840 /* ViewController.swift in Sources */ = {isa = PBXBuildFile; fileRef = 80F3B0331E419A3200FA6840 /* ViewController.swift */; };
		80F3B0371E419A3200FA6840 /* Main.storyboard in Resources */ = {isa = PBXBuildFile; fileRef = 80F3B0351E419A3200FA6840 /* Main.storyboard */; };
		80F3B0391E419A3200FA6840 /* Assets.xcassets in Resources */ = {isa = PBXBuildFile; fileRef = 80F3B0381E419A3200FA6840 /* Assets.xcassets */; };
		80F3B03C1E419A3200FA6840 /* LaunchScreen.storyboard in Resources */ = {isa = PBXBuildFile; fileRef = 80F3B03A1E419A3200FA6840 /* LaunchScreen.storyboard */; };
		80F3B0451E419A5B00FA6840 /* SpriteKit.framework in Frameworks */ = {isa = PBXBuildFile; fileRef = 80F3B0441E419A5B00FA6840 /* SpriteKit.framework */; };
		80F3B0471E419DEC00FA6840 /* GameScene.swift in Sources */ = {isa = PBXBuildFile; fileRef = 80F3B0461E419DEC00FA6840 /* GameScene.swift */; };
		80F3B11E1E44E0F700FA6840 /* AsyncButton.swift in Sources */ = {isa = PBXBuildFile; fileRef = 80F3B1001E44E0F700FA6840 /* AsyncButton.swift */; };
		80F3B11F1E44E0F700FA6840 /* AsyncImageView.swift in Sources */ = {isa = PBXBuildFile; fileRef = 80F3B1011E44E0F700FA6840 /* AsyncImageView.swift */; };
		80F3B1201E44E0F700FA6840 /* AutoTextView.swift in Sources */ = {isa = PBXBuildFile; fileRef = 80F3B1021E44E0F700FA6840 /* AutoTextView.swift */; };
		80F3B1211E44E0F700FA6840 /* BlurView.swift in Sources */ = {isa = PBXBuildFile; fileRef = 80F3B1031E44E0F700FA6840 /* BlurView.swift */; };
		80F3B1221E44E0F700FA6840 /* DesignableButton.swift in Sources */ = {isa = PBXBuildFile; fileRef = 80F3B1041E44E0F700FA6840 /* DesignableButton.swift */; };
		80F3B1231E44E0F700FA6840 /* DesignableImageView.swift in Sources */ = {isa = PBXBuildFile; fileRef = 80F3B1051E44E0F700FA6840 /* DesignableImageView.swift */; };
		80F3B1241E44E0F700FA6840 /* DesignableLabel.swift in Sources */ = {isa = PBXBuildFile; fileRef = 80F3B1061E44E0F700FA6840 /* DesignableLabel.swift */; };
		80F3B1251E44E0F700FA6840 /* DesignableTabBarController.swift in Sources */ = {isa = PBXBuildFile; fileRef = 80F3B1071E44E0F700FA6840 /* DesignableTabBarController.swift */; };
		80F3B1261E44E0F700FA6840 /* DesignableTextField.swift in Sources */ = {isa = PBXBuildFile; fileRef = 80F3B1081E44E0F700FA6840 /* DesignableTextField.swift */; };
		80F3B1271E44E0F700FA6840 /* DesignableTextView.swift in Sources */ = {isa = PBXBuildFile; fileRef = 80F3B1091E44E0F700FA6840 /* DesignableTextView.swift */; };
		80F3B1281E44E0F700FA6840 /* DesignableView.swift in Sources */ = {isa = PBXBuildFile; fileRef = 80F3B10A1E44E0F700FA6840 /* DesignableView.swift */; };
		80F3B1291E44E0F700FA6840 /* ImageLoader.swift in Sources */ = {isa = PBXBuildFile; fileRef = 80F3B10B1E44E0F700FA6840 /* ImageLoader.swift */; };
		80F3B12A1E44E0F700FA6840 /* Info.plist in Resources */ = {isa = PBXBuildFile; fileRef = 80F3B10C1E44E0F700FA6840 /* Info.plist */; };
		80F3B12B1E44E0F700FA6840 /* KeyboardLayoutConstraint.swift in Sources */ = {isa = PBXBuildFile; fileRef = 80F3B10D1E44E0F700FA6840 /* KeyboardLayoutConstraint.swift */; };
		80F3B12C1E44E0F700FA6840 /* LoadingView.swift in Sources */ = {isa = PBXBuildFile; fileRef = 80F3B10E1E44E0F700FA6840 /* LoadingView.swift */; };
		80F3B12D1E44E0F700FA6840 /* LoadingView.xib in Resources */ = {isa = PBXBuildFile; fileRef = 80F3B10F1E44E0F700FA6840 /* LoadingView.xib */; };
		80F3B12E1E44E0F700FA6840 /* Misc.swift in Sources */ = {isa = PBXBuildFile; fileRef = 80F3B1101E44E0F700FA6840 /* Misc.swift */; };
		80F3B12F1E44E0F700FA6840 /* SoundPlayer.swift in Sources */ = {isa = PBXBuildFile; fileRef = 80F3B1111E44E0F700FA6840 /* SoundPlayer.swift */; };
		80F3B1301E44E0F700FA6840 /* Spring.swift in Sources */ = {isa = PBXBuildFile; fileRef = 80F3B1131E44E0F700FA6840 /* Spring.swift */; };
		80F3B1311E44E0F700FA6840 /* SpringAnimation.swift in Sources */ = {isa = PBXBuildFile; fileRef = 80F3B1141E44E0F700FA6840 /* SpringAnimation.swift */; };
		80F3B1321E44E0F700FA6840 /* SpringButton.swift in Sources */ = {isa = PBXBuildFile; fileRef = 80F3B1151E44E0F700FA6840 /* SpringButton.swift */; };
		80F3B1331E44E0F700FA6840 /* SpringImageView.swift in Sources */ = {isa = PBXBuildFile; fileRef = 80F3B1161E44E0F700FA6840 /* SpringImageView.swift */; };
		80F3B1341E44E0F700FA6840 /* SpringLabel.swift in Sources */ = {isa = PBXBuildFile; fileRef = 80F3B1171E44E0F700FA6840 /* SpringLabel.swift */; };
		80F3B1351E44E0F700FA6840 /* SpringTextField.swift in Sources */ = {isa = PBXBuildFile; fileRef = 80F3B1181E44E0F700FA6840 /* SpringTextField.swift */; };
		80F3B1361E44E0F700FA6840 /* SpringTextView.swift in Sources */ = {isa = PBXBuildFile; fileRef = 80F3B1191E44E0F700FA6840 /* SpringTextView.swift */; };
		80F3B1371E44E0F700FA6840 /* SpringView.swift in Sources */ = {isa = PBXBuildFile; fileRef = 80F3B11A1E44E0F700FA6840 /* SpringView.swift */; };
		80F3B1381E44E0F700FA6840 /* TransitionManager.swift in Sources */ = {isa = PBXBuildFile; fileRef = 80F3B11B1E44E0F700FA6840 /* TransitionManager.swift */; };
		80F3B1391E44E0F700FA6840 /* TransitionZoom.swift in Sources */ = {isa = PBXBuildFile; fileRef = 80F3B11C1E44E0F700FA6840 /* TransitionZoom.swift */; };
		80F3B13A1E44E0F700FA6840 /* UnwindSegue.swift in Sources */ = {isa = PBXBuildFile; fileRef = 80F3B11D1E44E0F700FA6840 /* UnwindSegue.swift */; };
/* End PBXBuildFile section */

/* Begin PBXFileReference section */
		80B64A9C1E4A312B00E483A9 /* AudioToolbox.framework */ = {isa = PBXFileReference; lastKnownFileType = wrapper.framework; name = AudioToolbox.framework; path = System/Library/Frameworks/AudioToolbox.framework; sourceTree = SDKROOT; };
		80B64A9E1E4A326500E483A9 /* AVFoundation.framework */ = {isa = PBXFileReference; lastKnownFileType = wrapper.framework; name = AVFoundation.framework; path = System/Library/Frameworks/AVFoundation.framework; sourceTree = SDKROOT; };
		80B64AA01E4A3CE700E483A9 /* sheep_cry.mp3 */ = {isa = PBXFileReference; lastKnownFileType = audio.mp3; path = sheep_cry.mp3; sourceTree = "<group>"; };
		80F3B02E1E419A3200FA6840 /* SleepSheep.app */ = {isa = PBXFileReference; explicitFileType = wrapper.application; includeInIndex = 0; path = SleepSheep.app; sourceTree = BUILT_PRODUCTS_DIR; };
		80F3B0311E419A3200FA6840 /* AppDelegate.swift */ = {isa = PBXFileReference; lastKnownFileType = sourcecode.swift; path = AppDelegate.swift; sourceTree = "<group>"; };
		80F3B0331E419A3200FA6840 /* ViewController.swift */ = {isa = PBXFileReference; lastKnownFileType = sourcecode.swift; path = ViewController.swift; sourceTree = "<group>"; };
		80F3B0361E419A3200FA6840 /* Base */ = {isa = PBXFileReference; lastKnownFileType = file.storyboard; name = Base; path = Base.lproj/Main.storyboard; sourceTree = "<group>"; };
		80F3B0381E419A3200FA6840 /* Assets.xcassets */ = {isa = PBXFileReference; lastKnownFileType = folder.assetcatalog; path = Assets.xcassets; sourceTree = "<group>"; };
		80F3B03B1E419A3200FA6840 /* Base */ = {isa = PBXFileReference; lastKnownFileType = file.storyboard; name = Base; path = Base.lproj/LaunchScreen.storyboard; sourceTree = "<group>"; };
		80F3B03D1E419A3200FA6840 /* Info.plist */ = {isa = PBXFileReference; lastKnownFileType = text.plist.xml; path = Info.plist; sourceTree = "<group>"; };
		80F3B0441E419A5B00FA6840 /* SpriteKit.framework */ = {isa = PBXFileReference; lastKnownFileType = wrapper.framework; name = SpriteKit.framework; path = System/Library/Frameworks/SpriteKit.framework; sourceTree = SDKROOT; };
		80F3B0461E419DEC00FA6840 /* GameScene.swift */ = {isa = PBXFileReference; fileEncoding = 4; lastKnownFileType = sourcecode.swift; path = GameScene.swift; sourceTree = "<group>"; };
		80F3B1001E44E0F700FA6840 /* AsyncButton.swift */ = {isa = PBXFileReference; fileEncoding = 4; lastKnownFileType = sourcecode.swift; path = AsyncButton.swift; sourceTree = "<group>"; };
		80F3B1011E44E0F700FA6840 /* AsyncImageView.swift */ = {isa = PBXFileReference; fileEncoding = 4; lastKnownFileType = sourcecode.swift; path = AsyncImageView.swift; sourceTree = "<group>"; };
		80F3B1021E44E0F700FA6840 /* AutoTextView.swift */ = {isa = PBXFileReference; fileEncoding = 4; lastKnownFileType = sourcecode.swift; path = AutoTextView.swift; sourceTree = "<group>"; };
		80F3B1031E44E0F700FA6840 /* BlurView.swift */ = {isa = PBXFileReference; fileEncoding = 4; lastKnownFileType = sourcecode.swift; path = BlurView.swift; sourceTree = "<group>"; };
		80F3B1041E44E0F700FA6840 /* DesignableButton.swift */ = {isa = PBXFileReference; fileEncoding = 4; lastKnownFileType = sourcecode.swift; path = DesignableButton.swift; sourceTree = "<group>"; };
		80F3B1051E44E0F700FA6840 /* DesignableImageView.swift */ = {isa = PBXFileReference; fileEncoding = 4; lastKnownFileType = sourcecode.swift; path = DesignableImageView.swift; sourceTree = "<group>"; };
		80F3B1061E44E0F700FA6840 /* DesignableLabel.swift */ = {isa = PBXFileReference; fileEncoding = 4; lastKnownFileType = sourcecode.swift; path = DesignableLabel.swift; sourceTree = "<group>"; };
		80F3B1071E44E0F700FA6840 /* DesignableTabBarController.swift */ = {isa = PBXFileReference; fileEncoding = 4; lastKnownFileType = sourcecode.swift; path = DesignableTabBarController.swift; sourceTree = "<group>"; };
		80F3B1081E44E0F700FA6840 /* DesignableTextField.swift */ = {isa = PBXFileReference; fileEncoding = 4; lastKnownFileType = sourcecode.swift; path = DesignableTextField.swift; sourceTree = "<group>"; };
		80F3B1091E44E0F700FA6840 /* DesignableTextView.swift */ = {isa = PBXFileReference; fileEncoding = 4; lastKnownFileType = sourcecode.swift; path = DesignableTextView.swift; sourceTree = "<group>"; };
		80F3B10A1E44E0F700FA6840 /* DesignableView.swift */ = {isa = PBXFileReference; fileEncoding = 4; lastKnownFileType = sourcecode.swift; path = DesignableView.swift; sourceTree = "<group>"; };
		80F3B10B1E44E0F700FA6840 /* ImageLoader.swift */ = {isa = PBXFileReference; fileEncoding = 4; lastKnownFileType = sourcecode.swift; path = ImageLoader.swift; sourceTree = "<group>"; };
		80F3B10C1E44E0F700FA6840 /* Info.plist */ = {isa = PBXFileReference; fileEncoding = 4; lastKnownFileType = text.plist.xml; path = Info.plist; sourceTree = "<group>"; };
		80F3B10D1E44E0F700FA6840 /* KeyboardLayoutConstraint.swift */ = {isa = PBXFileReference; fileEncoding = 4; lastKnownFileType = sourcecode.swift; path = KeyboardLayoutConstraint.swift; sourceTree = "<group>"; };
		80F3B10E1E44E0F700FA6840 /* LoadingView.swift */ = {isa = PBXFileReference; fileEncoding = 4; lastKnownFileType = sourcecode.swift; path = LoadingView.swift; sourceTree = "<group>"; };
		80F3B10F1E44E0F700FA6840 /* LoadingView.xib */ = {isa = PBXFileReference; fileEncoding = 4; lastKnownFileType = file.xib; path = LoadingView.xib; sourceTree = "<group>"; };
		80F3B1101E44E0F700FA6840 /* Misc.swift */ = {isa = PBXFileReference; fileEncoding = 4; lastKnownFileType = sourcecode.swift; path = Misc.swift; sourceTree = "<group>"; };
		80F3B1111E44E0F700FA6840 /* SoundPlayer.swift */ = {isa = PBXFileReference; fileEncoding = 4; lastKnownFileType = sourcecode.swift; path = SoundPlayer.swift; sourceTree = "<group>"; };
		80F3B1121E44E0F700FA6840 /* Spring.h */ = {isa = PBXFileReference; fileEncoding = 4; lastKnownFileType = sourcecode.c.h; path = Spring.h; sourceTree = "<group>"; };
		80F3B1131E44E0F700FA6840 /* Spring.swift */ = {isa = PBXFileReference; fileEncoding = 4; lastKnownFileType = sourcecode.swift; path = Spring.swift; sourceTree = "<group>"; };
		80F3B1141E44E0F700FA6840 /* SpringAnimation.swift */ = {isa = PBXFileReference; fileEncoding = 4; lastKnownFileType = sourcecode.swift; path = SpringAnimation.swift; sourceTree = "<group>"; };
		80F3B1151E44E0F700FA6840 /* SpringButton.swift */ = {isa = PBXFileReference; fileEncoding = 4; lastKnownFileType = sourcecode.swift; path = SpringButton.swift; sourceTree = "<group>"; };
		80F3B1161E44E0F700FA6840 /* SpringImageView.swift */ = {isa = PBXFileReference; fileEncoding = 4; lastKnownFileType = sourcecode.swift; path = SpringImageView.swift; sourceTree = "<group>"; };
		80F3B1171E44E0F700FA6840 /* SpringLabel.swift */ = {isa = PBXFileReference; fileEncoding = 4; lastKnownFileType = sourcecode.swift; path = SpringLabel.swift; sourceTree = "<group>"; };
		80F3B1181E44E0F700FA6840 /* SpringTextField.swift */ = {isa = PBXFileReference; fileEncoding = 4; lastKnownFileType = sourcecode.swift; path = SpringTextField.swift; sourceTree = "<group>"; };
		80F3B1191E44E0F700FA6840 /* SpringTextView.swift */ = {isa = PBXFileReference; fileEncoding = 4; lastKnownFileType = sourcecode.swift; path = SpringTextView.swift; sourceTree = "<group>"; };
		80F3B11A1E44E0F700FA6840 /* SpringView.swift */ = {isa = PBXFileReference; fileEncoding = 4; lastKnownFileType = sourcecode.swift; path = SpringView.swift; sourceTree = "<group>"; };
		80F3B11B1E44E0F700FA6840 /* TransitionManager.swift */ = {isa = PBXFileReference; fileEncoding = 4; lastKnownFileType = sourcecode.swift; path = TransitionManager.swift; sourceTree = "<group>"; };
		80F3B11C1E44E0F700FA6840 /* TransitionZoom.swift */ = {isa = PBXFileReference; fileEncoding = 4; lastKnownFileType = sourcecode.swift; path = TransitionZoom.swift; sourceTree = "<group>"; };
		80F3B11D1E44E0F700FA6840 /* UnwindSegue.swift */ = {isa = PBXFileReference; fileEncoding = 4; lastKnownFileType = sourcecode.swift; path = UnwindSegue.swift; sourceTree = "<group>"; };
/* End PBXFileReference section */

/* Begin PBXFrameworksBuildPhase section */
		80F3B02B1E419A3200FA6840 /* Frameworks */ = {
			isa = PBXFrameworksBuildPhase;
			buildActionMask = 2147483647;
			files = (
				80B64A9D1E4A312B00E483A9 /* AudioToolbox.framework in Frameworks */,
				80F3B0451E419A5B00FA6840 /* SpriteKit.framework in Frameworks */,
			);
			runOnlyForDeploymentPostprocessing = 0;
		};
/* End PBXFrameworksBuildPhase section */

/* Begin PBXGroup section */
		80F3B0251E419A3200FA6840 = {
			isa = PBXGroup;
			children = (
				80F3B0301E419A3200FA6840 /* SleepSheep */,
				80F3B02F1E419A3200FA6840 /* Products */,
				80F3B0431E419A5B00FA6840 /* Frameworks */,
			);
			sourceTree = "<group>";
		};
		80F3B02F1E419A3200FA6840 /* Products */ = {
			isa = PBXGroup;
			children = (
				80F3B02E1E419A3200FA6840 /* SleepSheep.app */,
			);
			name = Products;
			sourceTree = "<group>";
		};
		80F3B0301E419A3200FA6840 /* SleepSheep */ = {
			isa = PBXGroup;
			children = (
				80F3B0FF1E44E0F700FA6840 /* Spring */,
				80F3B0311E419A3200FA6840 /* AppDelegate.swift */,
				80F3B0331E419A3200FA6840 /* ViewController.swift */,
				80F3B0461E419DEC00FA6840 /* GameScene.swift */,
				80F3B0351E419A3200FA6840 /* Main.storyboard */,
				80F3B0381E419A3200FA6840 /* Assets.xcassets */,
				80F3B03A1E419A3200FA6840 /* LaunchScreen.storyboard */,
				80B64AA01E4A3CE700E483A9 /* sheep_cry.mp3 */,
				80F3B03D1E419A3200FA6840 /* Info.plist */,
			);
			path = SleepSheep;
			sourceTree = "<group>";
		};
		80F3B0431E419A5B00FA6840 /* Frameworks */ = {
			isa = PBXGroup;
			children = (
				80B64A9E1E4A326500E483A9 /* AVFoundation.framework */,
				80B64A9C1E4A312B00E483A9 /* AudioToolbox.framework */,
				80F3B0441E419A5B00FA6840 /* SpriteKit.framework */,
			);
			name = Frameworks;
			sourceTree = "<group>";
		};
		80F3B0FF1E44E0F700FA6840 /* Spring */ = {
			isa = PBXGroup;
			children = (
				80F3B1001E44E0F700FA6840 /* AsyncButton.swift */,
				80F3B1011E44E0F700FA6840 /* AsyncImageView.swift */,
				80F3B1021E44E0F700FA6840 /* AutoTextView.swift */,
				80F3B1031E44E0F700FA6840 /* BlurView.swift */,
				80F3B1041E44E0F700FA6840 /* DesignableButton.swift */,
				80F3B1051E44E0F700FA6840 /* DesignableImageView.swift */,
				80F3B1061E44E0F700FA6840 /* DesignableLabel.swift */,
				80F3B1071E44E0F700FA6840 /* DesignableTabBarController.swift */,
				80F3B1081E44E0F700FA6840 /* DesignableTextField.swift */,
				80F3B1091E44E0F700FA6840 /* DesignableTextView.swift */,
				80F3B10A1E44E0F700FA6840 /* DesignableView.swift */,
				80F3B10B1E44E0F700FA6840 /* ImageLoader.swift */,
				80F3B10C1E44E0F700FA6840 /* Info.plist */,
				80F3B10D1E44E0F700FA6840 /* KeyboardLayoutConstraint.swift */,
				80F3B10E1E44E0F700FA6840 /* LoadingView.swift */,
				80F3B10F1E44E0F700FA6840 /* LoadingView.xib */,
				80F3B1101E44E0F700FA6840 /* Misc.swift */,
				80F3B1111E44E0F700FA6840 /* SoundPlayer.swift */,
				80F3B1121E44E0F700FA6840 /* Spring.h */,
				80F3B1131E44E0F700FA6840 /* Spring.swift */,
				80F3B1141E44E0F700FA6840 /* SpringAnimation.swift */,
				80F3B1151E44E0F700FA6840 /* SpringButton.swift */,
				80F3B1161E44E0F700FA6840 /* SpringImageView.swift */,
				80F3B1171E44E0F700FA6840 /* SpringLabel.swift */,
				80F3B1181E44E0F700FA6840 /* SpringTextField.swift */,
				80F3B1191E44E0F700FA6840 /* SpringTextView.swift */,
				80F3B11A1E44E0F700FA6840 /* SpringView.swift */,
				80F3B11B1E44E0F700FA6840 /* TransitionManager.swift */,
				80F3B11C1E44E0F700FA6840 /* TransitionZoom.swift */,
				80F3B11D1E44E0F700FA6840 /* UnwindSegue.swift */,
			);
			path = Spring;
			sourceTree = "<group>";
		};
/* End PBXGroup section */

/* Begin PBXNativeTarget section */
		80F3B02D1E419A3200FA6840 /* SleepSheep */ = {
			isa = PBXNativeTarget;
			buildConfigurationList = 80F3B0401E419A3200FA6840 /* Build configuration list for PBXNativeTarget "SleepSheep" */;
			buildPhases = (
				80F3B02A1E419A3200FA6840 /* Sources */,
				80F3B02B1E419A3200FA6840 /* Frameworks */,
				80F3B02C1E419A3200FA6840 /* Resources */,
			);
			buildRules = (
			);
			dependencies = (
			);
			name = SleepSheep;
			productName = SleepSheep;
			productReference = 80F3B02E1E419A3200FA6840 /* SleepSheep.app */;
			productType = "com.apple.product-type.application";
		};
/* End PBXNativeTarget section */

/* Begin PBXProject section */
		80F3B0261E419A3200FA6840 /* Project object */ = {
			isa = PBXProject;
			attributes = {
				LastSwiftUpdateCheck = 0820;
				LastUpgradeCheck = 0820;
				ORGANIZATIONNAME = erina.umino;
				TargetAttributes = {
					80F3B02D1E419A3200FA6840 = {
						CreatedOnToolsVersion = 8.2.1;
						DevelopmentTeam = JVQD32T43P;
						ProvisioningStyle = Automatic;
					};
				};
			};
			buildConfigurationList = 80F3B0291E419A3200FA6840 /* Build configuration list for PBXProject "SleepSheep" */;
			compatibilityVersion = "Xcode 3.2";
			developmentRegion = English;
			hasScannedForEncodings = 0;
			knownRegions = (
				en,
				Base,
			);
			mainGroup = 80F3B0251E419A3200FA6840;
			productRefGroup = 80F3B02F1E419A3200FA6840 /* Products */;
			projectDirPath = "";
			projectRoot = "";
			targets = (
				80F3B02D1E419A3200FA6840 /* SleepSheep */,
			);
		};
/* End PBXProject section */

/* Begin PBXResourcesBuildPhase section */
		80F3B02C1E419A3200FA6840 /* Resources */ = {
			isa = PBXResourcesBuildPhase;
			buildActionMask = 2147483647;
			files = (
				80F3B12A1E44E0F700FA6840 /* Info.plist in Resources */,
				80F3B03C1E419A3200FA6840 /* LaunchScreen.storyboard in Resources */,
				80F3B0391E419A3200FA6840 /* Assets.xcassets in Resources */,
				80B64AA11E4A3CE700E483A9 /* sheep_cry.mp3 in Resources */,
				80F3B0371E419A3200FA6840 /* Main.storyboard in Resources */,
				80F3B12D1E44E0F700FA6840 /* LoadingView.xib in Resources */,
			);
			runOnlyForDeploymentPostprocessing = 0;
		};
/* End PBXResourcesBuildPhase section */

/* Begin PBXSourcesBuildPhase section */
		80F3B02A1E419A3200FA6840 /* Sources */ = {
			isa = PBXSourcesBuildPhase;
			buildActionMask = 2147483647;
			files = (
				80F3B1241E44E0F700FA6840 /* DesignableLabel.swift in Sources */,
				80F3B1331E44E0F700FA6840 /* SpringImageView.swift in Sources */,
				80F3B1201E44E0F700FA6840 /* AutoTextView.swift in Sources */,
				80F3B1291E44E0F700FA6840 /* ImageLoader.swift in Sources */,
				80F3B12E1E44E0F700FA6840 /* Misc.swift in Sources */,
				80F3B1211E44E0F700FA6840 /* BlurView.swift in Sources */,
				80F3B13A1E44E0F700FA6840 /* UnwindSegue.swift in Sources */,
				80F3B12C1E44E0F700FA6840 /* LoadingView.swift in Sources */,
				80F3B1351E44E0F700FA6840 /* SpringTextField.swift in Sources */,
				80F3B1301E44E0F700FA6840 /* Spring.swift in Sources */,
				80F3B0471E419DEC00FA6840 /* GameScene.swift in Sources */,
				80F3B12F1E44E0F700FA6840 /* SoundPlayer.swift in Sources */,
				80F3B1281E44E0F700FA6840 /* DesignableView.swift in Sources */,
				80F3B1251E44E0F700FA6840 /* DesignableTabBarController.swift in Sources */,
				80F3B1221E44E0F700FA6840 /* DesignableButton.swift in Sources */,
				80F3B0341E419A3200FA6840 /* ViewController.swift in Sources */,
				80F3B1391E44E0F700FA6840 /* TransitionZoom.swift in Sources */,
				80F3B1261E44E0F700FA6840 /* DesignableTextField.swift in Sources */,
				80F3B1381E44E0F700FA6840 /* TransitionManager.swift in Sources */,
				80F3B1341E44E0F700FA6840 /* SpringLabel.swift in Sources */,
				80F3B11E1E44E0F700FA6840 /* AsyncButton.swift in Sources */,
				80F3B11F1E44E0F700FA6840 /* AsyncImageView.swift in Sources */,
				80F3B1271E44E0F700FA6840 /* DesignableTextView.swift in Sources */,
				80F3B1371E44E0F700FA6840 /* SpringView.swift in Sources */,
				80F3B1361E44E0F700FA6840 /* SpringTextView.swift in Sources */,
				80F3B12B1E44E0F700FA6840 /* KeyboardLayoutConstraint.swift in Sources */,
				80F3B1321E44E0F700FA6840 /* SpringButton.swift in Sources */,
				80F3B1311E44E0F700FA6840 /* SpringAnimation.swift in Sources */,
				80F3B1231E44E0F700FA6840 /* DesignableImageView.swift in Sources */,
				80F3B0321E419A3200FA6840 /* AppDelegate.swift in Sources */,
			);
			runOnlyForDeploymentPostprocessing = 0;
		};
/* End PBXSourcesBuildPhase section */

/* Begin PBXVariantGroup section */
		80F3B0351E419A3200FA6840 /* Main.storyboard */ = {
			isa = PBXVariantGroup;
			children = (
				80F3B0361E419A3200FA6840 /* Base */,
			);
			name = Main.storyboard;
			sourceTree = "<group>";
		};
		80F3B03A1E419A3200FA6840 /* LaunchScreen.storyboard */ = {
			isa = PBXVariantGroup;
			children = (
				80F3B03B1E419A3200FA6840 /* Base */,
			);
			name = LaunchScreen.storyboard;
			sourceTree = "<group>";
		};
/* End PBXVariantGroup section */

/* Begin XCBuildConfiguration section */
		80F3B03E1E419A3200FA6840 /* Debug */ = {
			isa = XCBuildConfiguration;
			buildSettings = {
				ALWAYS_SEARCH_USER_PATHS = NO;
				CLANG_ANALYZER_NONNULL = YES;
				CLANG_CXX_LANGUAGE_STANDARD = "gnu++0x";
				CLANG_CXX_LIBRARY = "libc++";
				CLANG_ENABLE_MODULES = YES;
				CLANG_ENABLE_OBJC_ARC = YES;
				CLANG_WARN_BOOL_CONVERSION = YES;
				CLANG_WARN_CONSTANT_CONVERSION = YES;
				CLANG_WARN_DIRECT_OBJC_ISA_USAGE = YES_ERROR;
				CLANG_WARN_DOCUMENTATION_COMMENTS = YES;
				CLANG_WARN_EMPTY_BODY = YES;
				CLANG_WARN_ENUM_CONVERSION = YES;
				CLANG_WARN_INFINITE_RECURSION = YES;
				CLANG_WARN_INT_CONVERSION = YES;
				CLANG_WARN_OBJC_ROOT_CLASS = YES_ERROR;
				CLANG_WARN_SUSPICIOUS_MOVE = YES;
				CLANG_WARN_UNREACHABLE_CODE = YES;
				CLANG_WARN__DUPLICATE_METHOD_MATCH = YES;
				"CODE_SIGN_IDENTITY[sdk=iphoneos*]" = "iPhone Developer";
				COPY_PHASE_STRIP = NO;
				DEBUG_INFORMATION_FORMAT = dwarf;
				ENABLE_STRICT_OBJC_MSGSEND = YES;
				ENABLE_TESTABILITY = YES;
				GCC_C_LANGUAGE_STANDARD = gnu99;
				GCC_DYNAMIC_NO_PIC = NO;
				GCC_NO_COMMON_BLOCKS = YES;
				GCC_OPTIMIZATION_LEVEL = 0;
				GCC_PREPROCESSOR_DEFINITIONS = (
					"DEBUG=1",
					"$(inherited)",
				);
				GCC_WARN_64_TO_32_BIT_CONVERSION = YES;
				GCC_WARN_ABOUT_RETURN_TYPE = YES_ERROR;
				GCC_WARN_UNDECLARED_SELECTOR = YES;
				GCC_WARN_UNINITIALIZED_AUTOS = YES_AGGRESSIVE;
				GCC_WARN_UNUSED_FUNCTION = YES;
				GCC_WARN_UNUSED_VARIABLE = YES;
				IPHONEOS_DEPLOYMENT_TARGET = 10.2;
				MTL_ENABLE_DEBUG_INFO = YES;
				ONLY_ACTIVE_ARCH = YES;
				SDKROOT = iphoneos;
				SWIFT_ACTIVE_COMPILATION_CONDITIONS = DEBUG;
				SWIFT_OPTIMIZATION_LEVEL = "-Onone";
			};
			name = Debug;
		};
		80F3B03F1E419A3200FA6840 /* Release */ = {
			isa = XCBuildConfiguration;
			buildSettings = {
				ALWAYS_SEARCH_USER_PATHS = NO;
				CLANG_ANALYZER_NONNULL = YES;
				CLANG_CXX_LANGUAGE_STANDARD = "gnu++0x";
				CLANG_CXX_LIBRARY = "libc++";
				CLANG_ENABLE_MODULES = YES;
				CLANG_ENABLE_OBJC_ARC = YES;
				CLANG_WARN_BOOL_CONVERSION = YES;
				CLANG_WARN_CONSTANT_CONVERSION = YES;
				CLANG_WARN_DIRECT_OBJC_ISA_USAGE = YES_ERROR;
				CLANG_WARN_DOCUMENTATION_COMMENTS = YES;
				CLANG_WARN_EMPTY_BODY = YES;
				CLANG_WARN_ENUM_CONVERSION = YES;
				CLANG_WARN_INFINITE_RECURSION = YES;
				CLANG_WARN_INT_CONVERSION = YES;
				CLANG_WARN_OBJC_ROOT_CLASS = YES_ERROR;
				CLANG_WARN_SUSPICIOUS_MOVE = YES;
				CLANG_WARN_UNREACHABLE_CODE = YES;
				CLANG_WARN__DUPLICATE_METHOD_MATCH = YES;
				"CODE_SIGN_IDENTITY[sdk=iphoneos*]" = "iPhone Developer";
				COPY_PHASE_STRIP = NO;
				DEBUG_INFORMATION_FORMAT = "dwarf-with-dsym";
				ENABLE_NS_ASSERTIONS = NO;
				ENABLE_STRICT_OBJC_MSGSEND = YES;
				GCC_C_LANGUAGE_STANDARD = gnu99;
				GCC_NO_COMMON_BLOCKS = YES;
				GCC_WARN_64_TO_32_BIT_CONVERSION = YES;
				GCC_WARN_ABOUT_RETURN_TYPE = YES_ERROR;
				GCC_WARN_UNDECLARED_SELECTOR = YES;
				GCC_WARN_UNINITIALIZED_AUTOS = YES_AGGRESSIVE;
				GCC_WARN_UNUSED_FUNCTION = YES;
				GCC_WARN_UNUSED_VARIABLE = YES;
				IPHONEOS_DEPLOYMENT_TARGET = 10.2;
				MTL_ENABLE_DEBUG_INFO = NO;
				SDKROOT = iphoneos;
				SWIFT_OPTIMIZATION_LEVEL = "-Owholemodule";
				VALIDATE_PRODUCT = YES;
			};
			name = Release;
		};
		80F3B0411E419A3200FA6840 /* Debug */ = {
			isa = XCBuildConfiguration;
			buildSettings = {
				ASSETCATALOG_COMPILER_APPICON_NAME = AppIcon;
				DEVELOPMENT_TEAM = JVQD32T43P;
				INFOPLIST_FILE = SleepSheep/Info.plist;
				LD_RUNPATH_SEARCH_PATHS = "$(inherited) @executable_path/Frameworks";
				PRODUCT_BUNDLE_IDENTIFIER = jp.litech.erina.umino.SleepSheep;
				PRODUCT_NAME = "$(TARGET_NAME)";
				SWIFT_VERSION = 3.0;
			};
			name = Debug;
		};
		80F3B0421E419A3200FA6840 /* Release */ = {
			isa = XCBuildConfiguration;
			buildSettings = {
				ASSETCATALOG_COMPILER_APPICON_NAME = AppIcon;
				DEVELOPMENT_TEAM = JVQD32T43P;
				INFOPLIST_FILE = SleepSheep/Info.plist;
				LD_RUNPATH_SEARCH_PATHS = "$(inherited) @executable_path/Frameworks";
				PRODUCT_BUNDLE_IDENTIFIER = jp.litech.erina.umino.SleepSheep;
				PRODUCT_NAME = "$(TARGET_NAME)";
				SWIFT_VERSION = 3.0;
			};
			name = Release;
		};
/* End XCBuildConfiguration section */

/* Begin XCConfigurationList section */
		80F3B0291E419A3200FA6840 /* Build configuration list for PBXProject "SleepSheep" */ = {
			isa = XCConfigurationList;
			buildConfigurations = (
				80F3B03E1E419A3200FA6840 /* Debug */,
				80F3B03F1E419A3200FA6840 /* Release */,
			);
			defaultConfigurationIsVisible = 0;
			defaultConfigurationName = Release;
		};
		80F3B0401E419A3200FA6840 /* Build configuration list for PBXNativeTarget "SleepSheep" */ = {
			isa = XCConfigurationList;
			buildConfigurations = (
				80F3B0411E419A3200FA6840 /* Debug */,
				80F3B0421E419A3200FA6840 /* Release */,
			);
			defaultConfigurationIsVisible = 0;
			defaultConfigurationName = Release;
		};
/* End XCConfigurationList section */
	};
	rootObject = 80F3B0261E419A3200FA6840 /* Project object */;
}
